{
  "originHash" : "407e8af62c295845a84529151ac62308447fb4ca36760cadc47ecbf2f892a86d",
  "pins" : [
    {
      "identity" : "smartcoach-ios-sdk",
      "kind" : "remoteSourceControl",
      "location" : "https://github.com/pocketradar/smartcoach-ios-sdk",
      "state" : {
        "revision" : "c348a90352cc2fba92f24450535cab23eb3a9adb",
        "version" : "0.2.0-beta.1"
      }
    }
  ],
  "version" : 3
}
