{
  "originHash" : "407e8af62c295845a84529151ac62308447fb4ca36760cadc47ecbf2f892a86d",
  "pins" : [
    {
      "identity" : "smartcoach-ios-sdk",
      "kind" : "remoteSourceControl",
      "location" : "https://github.com/pocketradar/smartcoach-ios-sdk",
      "state" : {
        "revision" : "e7a16ef23ec833152e80529ef728279ca4c5c462",
        "version" : "0.1.0-beta.4"
      }
    }
  ],
  "version" : 3
}
